
Microsoft Visual Studio Solution File, Format Version 12.00
# Visual Studio Version 16
VisualStudioVersion = 16.0.29609.76
MinimumVisualStudioVersion = 15.0.26124.0
Project("{FAE04EC0-301F-11D3-BF4B-00C04F79EFBC}") = "PolicyService.API", "PolicyService-src\PolicyService.API\PolicyService.API.csproj", "{5787BF00-D59E-42EA-A9D9-063CC493701D}"
EndProject
Project("{2150E333-8FDC-42A3-9474-1A3956D46DE8}") = "PolicyService-src", "PolicyService-src", "{0A2CF774-5CFF-4158-9F22-5BBF9F9104DB}"
EndProject
Project("{FAE04EC0-301F-11D3-BF4B-00C04F79EFBC}") = "PolicyService.Core", "PolicyService-src\PolicyService.Core\PolicyService.Core.csproj", "{E91E4A90-2491-481C-9137-443B1F727B19}"
EndProject
Project("{2150E333-8FDC-42A3-9474-1A3956D46DE8}") = "MetadataService-src", "MetadataService-src", "{C5B57D31-18B1-455F-8A40-203544B6E346}"
EndProject
Project("{FAE04EC0-301F-11D3-BF4B-00C04F79EFBC}") = "MetadataService.API", "MetadataService-src\MetadataService.API\MetadataService.API.csproj", "{9842C972-E3CF-4C21-893B-4C7D473F3AAF}"
EndProject
Project("{FAE04EC0-301F-11D3-BF4B-00C04F79EFBC}") = "MetadataService.DTO", "MetadataService-src\MetadataService.DTO\MetadataService.DTO.csproj", "{EDD065EA-69F7-46DD-A41E-C78B2F15ADA9}"
EndProject
Project("{FAE04EC0-301F-11D3-BF4B-00C04F79EFBC}") = "MetadataService.Core", "MetadataService-src\MetadataService.Core\MetadataService.Core.csproj", "{2DABF910-0F69-4160-A540-86B3B692A558}"
EndProject
Project("{FAE04EC0-301F-11D3-BF4B-00C04F79EFBC}") = "MetadataService.Infrastructure", "MetadataService-src\MetadataService.Infrastructure\MetadataService.Infrastructure.csproj", "{A66AB750-1399-41DD-B577-198990F2C8DD}"
EndProject
Project("{FAE04EC0-301F-11D3-BF4B-00C04F79EFBC}") = "MetadataService.SharedKernel", "MetadataService-src\MetadataService.SharedKernel\MetadataService.SharedKernel.csproj", "{B08FEDF7-E073-4DF7-B0DA-F1605E86B0A6}"
EndProject
Global
	GlobalSection(SolutionConfigurationPlatforms) = preSolution
		Debug|Any CPU = Debug|Any CPU
		Debug|x64 = Debug|x64
		Debug|x86 = Debug|x86
		Release|Any CPU = Release|Any CPU
		Release|x64 = Release|x64
		Release|x86 = Release|x86
	EndGlobalSection
	GlobalSection(ProjectConfigurationPlatforms) = postSolution
		{5787BF00-D59E-42EA-A9D9-063CC493701D}.Debug|Any CPU.ActiveCfg = Debug|Any CPU
		{5787BF00-D59E-42EA-A9D9-063CC493701D}.Debug|Any CPU.Build.0 = Debug|Any CPU
		{5787BF00-D59E-42EA-A9D9-063CC493701D}.Debug|x64.ActiveCfg = Debug|Any CPU
		{5787BF00-D59E-42EA-A9D9-063CC493701D}.Debug|x64.Build.0 = Debug|Any CPU
		{5787BF00-D59E-42EA-A9D9-063CC493701D}.Debug|x86.ActiveCfg = Debug|Any CPU
		{5787BF00-D59E-42EA-A9D9-063CC493701D}.Debug|x86.Build.0 = Debug|Any CPU
		{5787BF00-D59E-42EA-A9D9-063CC493701D}.Release|Any CPU.ActiveCfg = Release|Any CPU
		{5787BF00-D59E-42EA-A9D9-063CC493701D}.Release|Any CPU.Build.0 = Release|Any CPU
		{5787BF00-D59E-42EA-A9D9-063CC493701D}.Release|x64.ActiveCfg = Release|Any CPU
		{5787BF00-D59E-42EA-A9D9-063CC493701D}.Release|x64.Build.0 = Release|Any CPU
		{5787BF00-D59E-42EA-A9D9-063CC493701D}.Release|x86.ActiveCfg = Release|Any CPU
		{5787BF00-D59E-42EA-A9D9-063CC493701D}.Release|x86.Build.0 = Release|Any CPU
		{E91E4A90-2491-481C-9137-443B1F727B19}.Debug|Any CPU.ActiveCfg = Debug|Any CPU
		{E91E4A90-2491-481C-9137-443B1F727B19}.Debug|Any CPU.Build.0 = Debug|Any CPU
		{E91E4A90-2491-481C-9137-443B1F727B19}.Debug|x64.ActiveCfg = Debug|Any CPU
		{E91E4A90-2491-481C-9137-443B1F727B19}.Debug|x64.Build.0 = Debug|Any CPU
		{E91E4A90-2491-481C-9137-443B1F727B19}.Debug|x86.ActiveCfg = Debug|Any CPU
		{E91E4A90-2491-481C-9137-443B1F727B19}.Debug|x86.Build.0 = Debug|Any CPU
		{E91E4A90-2491-481C-9137-443B1F727B19}.Release|Any CPU.ActiveCfg = Release|Any CPU
		{E91E4A90-2491-481C-9137-443B1F727B19}.Release|Any CPU.Build.0 = Release|Any CPU
		{E91E4A90-2491-481C-9137-443B1F727B19}.Release|x64.ActiveCfg = Release|Any CPU
		{E91E4A90-2491-481C-9137-443B1F727B19}.Release|x64.Build.0 = Release|Any CPU
		{E91E4A90-2491-481C-9137-443B1F727B19}.Release|x86.ActiveCfg = Release|Any CPU
		{E91E4A90-2491-481C-9137-443B1F727B19}.Release|x86.Build.0 = Release|Any CPU
		{9842C972-E3CF-4C21-893B-4C7D473F3AAF}.Debug|Any CPU.ActiveCfg = Debug|Any CPU
		{9842C972-E3CF-4C21-893B-4C7D473F3AAF}.Debug|Any CPU.Build.0 = Debug|Any CPU
		{9842C972-E3CF-4C21-893B-4C7D473F3AAF}.Debug|x64.ActiveCfg = Debug|Any CPU
		{9842C972-E3CF-4C21-893B-4C7D473F3AAF}.Debug|x64.Build.0 = Debug|Any CPU
		{9842C972-E3CF-4C21-893B-4C7D473F3AAF}.Debug|x86.ActiveCfg = Debug|Any CPU
		{9842C972-E3CF-4C21-893B-4C7D473F3AAF}.Debug|x86.Build.0 = Debug|Any CPU
		{9842C972-E3CF-4C21-893B-4C7D473F3AAF}.Release|Any CPU.ActiveCfg = Release|Any CPU
		{9842C972-E3CF-4C21-893B-4C7D473F3AAF}.Release|Any CPU.Build.0 = Release|Any CPU
		{9842C972-E3CF-4C21-893B-4C7D473F3AAF}.Release|x64.ActiveCfg = Release|Any CPU
		{9842C972-E3CF-4C21-893B-4C7D473F3AAF}.Release|x64.Build.0 = Release|Any CPU
		{9842C972-E3CF-4C21-893B-4C7D473F3AAF}.Release|x86.ActiveCfg = Release|Any CPU
		{9842C972-E3CF-4C21-893B-4C7D473F3AAF}.Release|x86.Build.0 = Release|Any CPU
		{EDD065EA-69F7-46DD-A41E-C78B2F15ADA9}.Debug|Any CPU.ActiveCfg = Debug|Any CPU
		{EDD065EA-69F7-46DD-A41E-C78B2F15ADA9}.Debug|Any CPU.Build.0 = Debug|Any CPU
		{EDD065EA-69F7-46DD-A41E-C78B2F15ADA9}.Debug|x64.ActiveCfg = Debug|Any CPU
		{EDD065EA-69F7-46DD-A41E-C78B2F15ADA9}.Debug|x64.Build.0 = Debug|Any CPU
		{EDD065EA-69F7-46DD-A41E-C78B2F15ADA9}.Debug|x86.ActiveCfg = Debug|Any CPU
		{EDD065EA-69F7-46DD-A41E-C78B2F15ADA9}.Debug|x86.Build.0 = Debug|Any CPU
		{EDD065EA-69F7-46DD-A41E-C78B2F15ADA9}.Release|Any CPU.ActiveCfg = Release|Any CPU
		{EDD065EA-69F7-46DD-A41E-C78B2F15ADA9}.Release|Any CPU.Build.0 = Release|Any CPU
		{EDD065EA-69F7-46DD-A41E-C78B2F15ADA9}.Release|x64.ActiveCfg = Release|Any CPU
		{EDD065EA-69F7-46DD-A41E-C78B2F15ADA9}.Release|x64.Build.0 = Release|Any CPU
		{EDD065EA-69F7-46DD-A41E-C78B2F15ADA9}.Release|x86.ActiveCfg = Release|Any CPU
		{EDD065EA-69F7-46DD-A41E-C78B2F15ADA9}.Release|x86.Build.0 = Release|Any CPU
		{2DABF910-0F69-4160-A540-86B3B692A558}.Debug|Any CPU.ActiveCfg = Debug|Any CPU
		{2DABF910-0F69-4160-A540-86B3B692A558}.Debug|Any CPU.Build.0 = Debug|Any CPU
		{2DABF910-0F69-4160-A540-86B3B692A558}.Debug|x64.ActiveCfg = Debug|Any CPU
		{2DABF910-0F69-4160-A540-86B3B692A558}.Debug|x64.Build.0 = Debug|Any CPU
		{2DABF910-0F69-4160-A540-86B3B692A558}.Debug|x86.ActiveCfg = Debug|Any CPU
		{2DABF910-0F69-4160-A540-86B3B692A558}.Debug|x86.Build.0 = Debug|Any CPU
		{2DABF910-0F69-4160-A540-86B3B692A558}.Release|Any CPU.ActiveCfg = Release|Any CPU
		{2DABF910-0F69-4160-A540-86B3B692A558}.Release|Any CPU.Build.0 = Release|Any CPU
		{2DABF910-0F69-4160-A540-86B3B692A558}.Release|x64.ActiveCfg = Release|Any CPU
		{2DABF910-0F69-4160-A540-86B3B692A558}.Release|x64.Build.0 = Release|Any CPU
		{2DABF910-0F69-4160-A540-86B3B692A558}.Release|x86.ActiveCfg = Release|Any CPU
		{2DABF910-0F69-4160-A540-86B3B692A558}.Release|x86.Build.0 = Release|Any CPU
		{A66AB750-1399-41DD-B577-198990F2C8DD}.Debug|Any CPU.ActiveCfg = Debug|Any CPU
		{A66AB750-1399-41DD-B577-198990F2C8DD}.Debug|Any CPU.Build.0 = Debug|Any CPU
		{A66AB750-1399-41DD-B577-198990F2C8DD}.Debug|x64.ActiveCfg = Debug|Any CPU
		{A66AB750-1399-41DD-B577-198990F2C8DD}.Debug|x64.Build.0 = Debug|Any CPU
		{A66AB750-1399-41DD-B577-198990F2C8DD}.Debug|x86.ActiveCfg = Debug|Any CPU
		{A66AB750-1399-41DD-B577-198990F2C8DD}.Debug|x86.Build.0 = Debug|Any CPU
		{A66AB750-1399-41DD-B577-198990F2C8DD}.Release|Any CPU.ActiveCfg = Release|Any CPU
		{A66AB750-1399-41DD-B577-198990F2C8DD}.Release|Any CPU.Build.0 = Release|Any CPU
		{A66AB750-1399-41DD-B577-198990F2C8DD}.Release|x64.ActiveCfg = Release|Any CPU
		{A66AB750-1399-41DD-B577-198990F2C8DD}.Release|x64.Build.0 = Release|Any CPU
		{A66AB750-1399-41DD-B577-198990F2C8DD}.Release|x86.ActiveCfg = Release|Any CPU
		{A66AB750-1399-41DD-B577-198990F2C8DD}.Release|x86.Build.0 = Release|Any CPU
		{B08FEDF7-E073-4DF7-B0DA-F1605E86B0A6}.Debug|Any CPU.ActiveCfg = Debug|Any CPU
		{B08FEDF7-E073-4DF7-B0DA-F1605E86B0A6}.Debug|Any CPU.Build.0 = Debug|Any CPU
		{B08FEDF7-E073-4DF7-B0DA-F1605E86B0A6}.Debug|x64.ActiveCfg = Debug|Any CPU
		{B08FEDF7-E073-4DF7-B0DA-F1605E86B0A6}.Debug|x64.Build.0 = Debug|Any CPU
		{B08FEDF7-E073-4DF7-B0DA-F1605E86B0A6}.Debug|x86.ActiveCfg = Debug|Any CPU
		{B08FEDF7-E073-4DF7-B0DA-F1605E86B0A6}.Debug|x86.Build.0 = Debug|Any CPU
		{B08FEDF7-E073-4DF7-B0DA-F1605E86B0A6}.Release|Any CPU.ActiveCfg = Release|Any CPU
		{B08FEDF7-E073-4DF7-B0DA-F1605E86B0A6}.Release|Any CPU.Build.0 = Release|Any CPU
		{B08FEDF7-E073-4DF7-B0DA-F1605E86B0A6}.Release|x64.ActiveCfg = Release|Any CPU
		{B08FEDF7-E073-4DF7-B0DA-F1605E86B0A6}.Release|x64.Build.0 = Release|Any CPU
		{B08FEDF7-E073-4DF7-B0DA-F1605E86B0A6}.Release|x86.ActiveCfg = Release|Any CPU
		{B08FEDF7-E073-4DF7-B0DA-F1605E86B0A6}.Release|x86.Build.0 = Release|Any CPU
	EndGlobalSection
	GlobalSection(SolutionProperties) = preSolution
		HideSolutionNode = FALSE
	EndGlobalSection
	GlobalSection(NestedProjects) = preSolution
		{5787BF00-D59E-42EA-A9D9-063CC493701D} = {0A2CF774-5CFF-4158-9F22-5BBF9F9104DB}
		{E91E4A90-2491-481C-9137-443B1F727B19} = {0A2CF774-5CFF-4158-9F22-5BBF9F9104DB}
		{9842C972-E3CF-4C21-893B-4C7D473F3AAF} = {C5B57D31-18B1-455F-8A40-203544B6E346}
		{EDD065EA-69F7-46DD-A41E-C78B2F15ADA9} = {C5B57D31-18B1-455F-8A40-203544B6E346}
		{2DABF910-0F69-4160-A540-86B3B692A558} = {C5B57D31-18B1-455F-8A40-203544B6E346}
		{A66AB750-1399-41DD-B577-198990F2C8DD} = {C5B57D31-18B1-455F-8A40-203544B6E346}
		{B08FEDF7-E073-4DF7-B0DA-F1605E86B0A6} = {C5B57D31-18B1-455F-8A40-203544B6E346}
	EndGlobalSection
	GlobalSection(ExtensibilityGlobals) = postSolution
		SolutionGuid = {17697EAF-2521-4C74-BF6D-1B878FA9751E}
	EndGlobalSection
EndGlobal
